
Microsoft Visual Studio Solution File, Format Version 12.00
# Visual Studio 15
VisualStudioVersion = 15.0.26228.4
MinimumVisualStudioVersion = 10.0.40219.1
Project("{8BC9CEB8-8B4A-11D0-8D11-00A0C91BC942}") = "Master", "..\Master\Master.vcxproj", "{1359A24A-D5B9-4D65-9B89-25807A7E7484}"
	ProjectSection(ProjectDependencies) = postProject
		{CA411969-685F-412A-A37C-7BE5F18DDC51} = {CA411969-685F-412A-A37C-7BE5F18DDC51}
	EndProjectSection
EndProject
Project("{8BC9CEB8-8B4A-11D0-8D11-00A0C91BC942}") = "BaseUtility", "..\BaseUtility\Project\BaseUtility.vcxproj", "{3BC71C18-FBA5-4AE0-94BD-58F38501194D}"
EndProject
Project("{8BC9CEB8-8B4A-11D0-8D11-00A0C91BC942}") = "ProcessM", "..\ProcessM\Project\ProcessM.vcxproj", "{909F58D4-5251-427A-B6D0-1B3E9F6414C0}"
EndProject
Project("{8BC9CEB8-8B4A-11D0-8D11-00A0C91BC942}") = "IPC", "..\IPC\Project\IPC.vcxproj", "{7171F880-A3A0-45D3-8338-4B835CD3FFCA}"
EndProject
Project("{8BC9CEB8-8B4A-11D0-8D11-00A0C91BC942}") = "IOCP", "..\IOCP\Project\IOCP.vcxproj", "{0A4DC991-3C7D-4E50-950B-B7B2A3EBE358}"
EndProject
Project("{8BC9CEB8-8B4A-11D0-8D11-00A0C91BC942}") = "IOCPServer", "IOCPServer\IOCPServer.vcxproj", "{CA411969-685F-412A-A37C-7BE5F18DDC51}"
	ProjectSection(ProjectDependencies) = postProject
		{909F58D4-5251-427A-B6D0-1B3E9F6414C0} = {909F58D4-5251-427A-B6D0-1B3E9F6414C0}
	EndProjectSection
EndProject
Global
	GlobalSection(SolutionConfigurationPlatforms) = preSolution
		Debug|x64 = Debug|x64
		Debug|x86 = Debug|x86
		Release|x64 = Release|x64
		Release|x86 = Release|x86
	EndGlobalSection
	GlobalSection(ProjectConfigurationPlatforms) = postSolution
		{1359A24A-D5B9-4D65-9B89-25807A7E7484}.Debug|x64.ActiveCfg = Debug|x64
		{1359A24A-D5B9-4D65-9B89-25807A7E7484}.Debug|x64.Build.0 = Debug|x64
		{1359A24A-D5B9-4D65-9B89-25807A7E7484}.Debug|x86.ActiveCfg = Debug|Win32
		{1359A24A-D5B9-4D65-9B89-25807A7E7484}.Debug|x86.Build.0 = Debug|Win32
		{1359A24A-D5B9-4D65-9B89-25807A7E7484}.Release|x64.ActiveCfg = Release|x64
		{1359A24A-D5B9-4D65-9B89-25807A7E7484}.Release|x64.Build.0 = Release|x64
		{1359A24A-D5B9-4D65-9B89-25807A7E7484}.Release|x86.ActiveCfg = Release|Win32
		{1359A24A-D5B9-4D65-9B89-25807A7E7484}.Release|x86.Build.0 = Release|Win32
		{3BC71C18-FBA5-4AE0-94BD-58F38501194D}.Debug|x64.ActiveCfg = Debug|x64
		{3BC71C18-FBA5-4AE0-94BD-58F38501194D}.Debug|x64.Build.0 = Debug|x64
		{3BC71C18-FBA5-4AE0-94BD-58F38501194D}.Debug|x86.ActiveCfg = Debug|Win32
		{3BC71C18-FBA5-4AE0-94BD-58F38501194D}.Debug|x86.Build.0 = Debug|Win32
		{3BC71C18-FBA5-4AE0-94BD-58F38501194D}.Release|x64.ActiveCfg = Release|x64
		{3BC71C18-FBA5-4AE0-94BD-58F38501194D}.Release|x64.Build.0 = Release|x64
		{3BC71C18-FBA5-4AE0-94BD-58F38501194D}.Release|x86.ActiveCfg = Release|Win32
		{3BC71C18-FBA5-4AE0-94BD-58F38501194D}.Release|x86.Build.0 = Release|Win32
		{909F58D4-5251-427A-B6D0-1B3E9F6414C0}.Debug|x64.ActiveCfg = Debug|x64
		{909F58D4-5251-427A-B6D0-1B3E9F6414C0}.Debug|x64.Build.0 = Debug|x64
		{909F58D4-5251-427A-B6D0-1B3E9F6414C0}.Debug|x86.ActiveCfg = Debug|Win32
		{909F58D4-5251-427A-B6D0-1B3E9F6414C0}.Debug|x86.Build.0 = Debug|Win32
		{909F58D4-5251-427A-B6D0-1B3E9F6414C0}.Release|x64.ActiveCfg = Release|x64
		{909F58D4-5251-427A-B6D0-1B3E9F6414C0}.Release|x64.Build.0 = Release|x64
		{909F58D4-5251-427A-B6D0-1B3E9F6414C0}.Release|x86.ActiveCfg = Release|Win32
		{909F58D4-5251-427A-B6D0-1B3E9F6414C0}.Release|x86.Build.0 = Release|Win32
		{7171F880-A3A0-45D3-8338-4B835CD3FFCA}.Debug|x64.ActiveCfg = Debug|x64
		{7171F880-A3A0-45D3-8338-4B835CD3FFCA}.Debug|x64.Build.0 = Debug|x64
		{7171F880-A3A0-45D3-8338-4B835CD3FFCA}.Debug|x86.ActiveCfg = Debug|Win32
		{7171F880-A3A0-45D3-8338-4B835CD3FFCA}.Debug|x86.Build.0 = Debug|Win32
		{7171F880-A3A0-45D3-8338-4B835CD3FFCA}.Release|x64.ActiveCfg = Release|x64
		{7171F880-A3A0-45D3-8338-4B835CD3FFCA}.Release|x64.Build.0 = Release|x64
		{7171F880-A3A0-45D3-8338-4B835CD3FFCA}.Release|x86.ActiveCfg = Release|Win32
		{7171F880-A3A0-45D3-8338-4B835CD3FFCA}.Release|x86.Build.0 = Release|Win32
		{0A4DC991-3C7D-4E50-950B-B7B2A3EBE358}.Debug|x64.ActiveCfg = Debug|x64
		{0A4DC991-3C7D-4E50-950B-B7B2A3EBE358}.Debug|x64.Build.0 = Debug|x64
		{0A4DC991-3C7D-4E50-950B-B7B2A3EBE358}.Debug|x86.ActiveCfg = Debug|Win32
		{0A4DC991-3C7D-4E50-950B-B7B2A3EBE358}.Debug|x86.Build.0 = Debug|Win32
		{0A4DC991-3C7D-4E50-950B-B7B2A3EBE358}.Release|x64.ActiveCfg = Release|x64
		{0A4DC991-3C7D-4E50-950B-B7B2A3EBE358}.Release|x64.Build.0 = Release|x64
		{0A4DC991-3C7D-4E50-950B-B7B2A3EBE358}.Release|x86.ActiveCfg = Release|Win32
		{0A4DC991-3C7D-4E50-950B-B7B2A3EBE358}.Release|x86.Build.0 = Release|Win32
		{CA411969-685F-412A-A37C-7BE5F18DDC51}.Debug|x64.ActiveCfg = Debug|x64
		{CA411969-685F-412A-A37C-7BE5F18DDC51}.Debug|x64.Build.0 = Debug|x64
		{CA411969-685F-412A-A37C-7BE5F18DDC51}.Debug|x86.ActiveCfg = Debug|Win32
		{CA411969-685F-412A-A37C-7BE5F18DDC51}.Debug|x86.Build.0 = Debug|Win32
		{CA411969-685F-412A-A37C-7BE5F18DDC51}.Release|x64.ActiveCfg = Release|x64
		{CA411969-685F-412A-A37C-7BE5F18DDC51}.Release|x64.Build.0 = Release|x64
		{CA411969-685F-412A-A37C-7BE5F18DDC51}.Release|x86.ActiveCfg = Release|Win32
		{CA411969-685F-412A-A37C-7BE5F18DDC51}.Release|x86.Build.0 = Release|Win32
	EndGlobalSection
	GlobalSection(SolutionProperties) = preSolution
		HideSolutionNode = FALSE
	EndGlobalSection
EndGlobal
